
Microsoft Visual Studio Solution File, Format Version 12.00
# Visual Studio 15
VisualStudioVersion = 15.0.28307.102
MinimumVisualStudioVersion = 10.0.40219.1
Project("{F2A71F9B-5D33-465A-A702-920D77279786}") = "BRCurtidas.V2.WebApp", "BRCurtidas.V2.WebApp\BRCurtidas.V2.WebApp.fsproj", "{3343111B-129C-4900-AACC-F81F5B9E21EB}"
EndProject
Global
	GlobalSection(SolutionConfigurationPlatforms) = preSolution
		Debug|Any CPU = Debug|Any CPU
		Release|Any CPU = Release|Any CPU
	EndGlobalSection
	GlobalSection(ProjectConfigurationPlatforms) = postSolution
		{3343111B-129C-4900-AACC-F81F5B9E21EB}.Debug|Any CPU.ActiveCfg = Debug|Any CPU
		{3343111B-129C-4900-AACC-F81F5B9E21EB}.Debug|Any CPU.Build.0 = Debug|Any CPU
		{3343111B-129C-4900-AACC-F81F5B9E21EB}.Release|Any CPU.ActiveCfg = Release|Any CPU
		{3343111B-129C-4900-AACC-F81F5B9E21EB}.Release|Any CPU.Build.0 = Release|Any CPU
	EndGlobalSection
	GlobalSection(SolutionProperties) = preSolution
		HideSolutionNode = FALSE
	EndGlobalSection
	GlobalSection(ExtensibilityGlobals) = postSolution
		SolutionGuid = {499B2516-455F-4A04-ADCA-E7892EDC498E}
	EndGlobalSection
EndGlobal
